
Microsoft Visual Studio Solution File, Format Version 12.00
# Visual Studio Version 16
VisualStudioVersion = 16.0.28922.388
MinimumVisualStudioVersion = 10.0.40219.1
Project("{9A19103F-16F7-4668-BE54-9A1E7A4F7556}") = "Cemit.Servers", "Cemit.Servers\Cemit.Servers\Cemit.Servers.csproj", "{CA984251-5146-4187-B700-46992AF0F1A6}"
EndProject
Project("{9A19103F-16F7-4668-BE54-9A1E7A4F7556}") = "ServersTestProject", "Cemit.Servers\ServersTestProject\ServersTestProject.csproj", "{84A60EC2-B654-427D-A9FA-A0B2B84ED5F6}"
EndProject
Global
	GlobalSection(SolutionConfigurationPlatforms) = preSolution
		Debug|Any CPU = Debug|Any CPU
		Release|Any CPU = Release|Any CPU
	EndGlobalSection
	GlobalSection(ProjectConfigurationPlatforms) = postSolution
		{CA984251-5146-4187-B700-46992AF0F1A6}.Debug|Any CPU.ActiveCfg = Debug|Any CPU
		{CA984251-5146-4187-B700-46992AF0F1A6}.Debug|Any CPU.Build.0 = Debug|Any CPU
		{CA984251-5146-4187-B700-46992AF0F1A6}.Release|Any CPU.ActiveCfg = Release|Any CPU
		{CA984251-5146-4187-B700-46992AF0F1A6}.Release|Any CPU.Build.0 = Release|Any CPU
		{84A60EC2-B654-427D-A9FA-A0B2B84ED5F6}.Debug|Any CPU.ActiveCfg = Debug|Any CPU
		{84A60EC2-B654-427D-A9FA-A0B2B84ED5F6}.Debug|Any CPU.Build.0 = Debug|Any CPU
		{84A60EC2-B654-427D-A9FA-A0B2B84ED5F6}.Release|Any CPU.ActiveCfg = Release|Any CPU
		{84A60EC2-B654-427D-A9FA-A0B2B84ED5F6}.Release|Any CPU.Build.0 = Release|Any CPU
	EndGlobalSection
	GlobalSection(SolutionProperties) = preSolution
		HideSolutionNode = FALSE
	EndGlobalSection
	GlobalSection(ExtensibilityGlobals) = postSolution
		SolutionGuid = {996FBB0C-D4FE-402C-ACF5-1162C740B355}
	EndGlobalSection
EndGlobal
